
Microsoft Visual Studio Solution File, Format Version 12.00
# Visual Studio Version 17
VisualStudioVersion = 17.5.33424.131
MinimumVisualStudioVersion = 10.0.40219.1
Project("{9A19103F-16F7-4668-BE54-9A1E7A4F7556}") = "NexShopAPI", "NexShopAPI\NexShopAPI.csproj", "{52E01489-2A21-4170-BEC4-516E762C3F3B}"
EndProject
Project("{FAE04EC0-301F-11D3-BF4B-00C04F79EFBC}") = "NexShopAPI.BusinessLogic", "NexShopAPI.BusinessLogic\NexShopAPI.BusinessLogic.csproj", "{DF34BEE2-33A8-4E49-AAFF-C999AE840698}"
EndProject
Project("{FAE04EC0-301F-11D3-BF4B-00C04F79EFBC}") = "NexShopAPI.DataAccess", "NexShopAPI.DataAccess\NexShopAPI.DataAccess.csproj", "{D7644E30-1CE4-4705-98C8-6DF459CBB074}"
EndProject
Global
	GlobalSection(SolutionConfigurationPlatforms) = preSolution
		Debug|Any CPU = Debug|Any CPU
		Release|Any CPU = Release|Any CPU
	EndGlobalSection
	GlobalSection(ProjectConfigurationPlatforms) = postSolution
		{52E01489-2A21-4170-BEC4-516E762C3F3B}.Debug|Any CPU.ActiveCfg = Debug|Any CPU
		{52E01489-2A21-4170-BEC4-516E762C3F3B}.Debug|Any CPU.Build.0 = Debug|Any CPU
		{52E01489-2A21-4170-BEC4-516E762C3F3B}.Release|Any CPU.ActiveCfg = Release|Any CPU
		{52E01489-2A21-4170-BEC4-516E762C3F3B}.Release|Any CPU.Build.0 = Release|Any CPU
		{DF34BEE2-33A8-4E49-AAFF-C999AE840698}.Debug|Any CPU.ActiveCfg = Debug|Any CPU
		{DF34BEE2-33A8-4E49-AAFF-C999AE840698}.Debug|Any CPU.Build.0 = Debug|Any CPU
		{DF34BEE2-33A8-4E49-AAFF-C999AE840698}.Release|Any CPU.ActiveCfg = Release|Any CPU
		{DF34BEE2-33A8-4E49-AAFF-C999AE840698}.Release|Any CPU.Build.0 = Release|Any CPU
		{D7644E30-1CE4-4705-98C8-6DF459CBB074}.Debug|Any CPU.ActiveCfg = Debug|Any CPU
		{D7644E30-1CE4-4705-98C8-6DF459CBB074}.Debug|Any CPU.Build.0 = Debug|Any CPU
		{D7644E30-1CE4-4705-98C8-6DF459CBB074}.Release|Any CPU.ActiveCfg = Release|Any CPU
		{D7644E30-1CE4-4705-98C8-6DF459CBB074}.Release|Any CPU.Build.0 = Release|Any CPU
	EndGlobalSection
	GlobalSection(SolutionProperties) = preSolution
		HideSolutionNode = FALSE
	EndGlobalSection
	GlobalSection(ExtensibilityGlobals) = postSolution
		SolutionGuid = {172BD511-B280-4813-9316-E44DFFF3333C}
	EndGlobalSection
EndGlobal
